// !$*UTF8*$!
{
	archiveVersion = 1;
	classes = {
	};
	objectVersion = 50;
	objects = {

/* Begin PBXBuildFile section */
		A13EA12222DEAB45009BC90D /* WeatherView.swift in Sources */ = {isa = PBXBuildFile; fileRef = A13EA12122DEAB45009BC90D /* WeatherView.swift */; };
		A13EA12522DEB78D009BC90D /* PreferencesWindow.swift in Sources */ = {isa = PBXBuildFile; fileRef = A13EA12322DEB78D009BC90D /* PreferencesWindow.swift */; };
		A13EA12622DEB78D009BC90D /* PreferencesWindow.xib in Resources */ = {isa = PBXBuildFile; fileRef = A13EA12422DEB78D009BC90D /* PreferencesWindow.xib */; };
		A175430222DC2157005CB6CE /* AppDelegate.swift in Sources */ = {isa = PBXBuildFile; fileRef = A175430122DC2157005CB6CE /* AppDelegate.swift */; };
		A175430422DC218E005CB6CE /* Assets.xcassets in Resources */ = {isa = PBXBuildFile; fileRef = A175430322DC218E005CB6CE /* Assets.xcassets */; };
		A175430722DC218E005CB6CE /* MainMenu.xib in Resources */ = {isa = PBXBuildFile; fileRef = A175430522DC218E005CB6CE /* MainMenu.xib */; };
		A175431022DC2FFA005CB6CE /* StatusMenuController.swift in Sources */ = {isa = PBXBuildFile; fileRef = A175430F22DC2FFA005CB6CE /* StatusMenuController.swift */; };
		A175431222DC3C06005CB6CE /* WeatherAPI.swift in Sources */ = {isa = PBXBuildFile; fileRef = A175431122DC3C06005CB6CE /* WeatherAPI.swift */; };
/* End PBXBuildFile section */

/* Begin PBXFileReference section */
		A13EA12122DEAB45009BC90D /* WeatherView.swift */ = {isa = PBXFileReference; lastKnownFileType = sourcecode.swift; path = WeatherView.swift; sourceTree = "<group>"; };
		A13EA12322DEB78D009BC90D /* PreferencesWindow.swift */ = {isa = PBXFileReference; lastKnownFileType = sourcecode.swift; path = PreferencesWindow.swift; sourceTree = "<group>"; };
		A13EA12422DEB78D009BC90D /* PreferencesWindow.xib */ = {isa = PBXFileReference; lastKnownFileType = file.xib; path = PreferencesWindow.xib; sourceTree = "<group>"; };
		A17542FE22DC2157005CB6CE /* macos-meter.app */ = {isa = PBXFileReference; explicitFileType = wrapper.application; includeInIndex = 0; path = "macos-meter.app"; sourceTree = BUILT_PRODUCTS_DIR; };
		A175430122DC2157005CB6CE /* AppDelegate.swift */ = {isa = PBXFileReference; lastKnownFileType = sourcecode.swift; path = AppDelegate.swift; sourceTree = "<group>"; };
		A175430322DC218E005CB6CE /* Assets.xcassets */ = {isa = PBXFileReference; lastKnownFileType = folder.assetcatalog; path = Assets.xcassets; sourceTree = "<group>"; };
		A175430622DC218E005CB6CE /* Base */ = {isa = PBXFileReference; lastKnownFileType = file.xib; name = Base; path = Base.lproj/MainMenu.xib; sourceTree = "<group>"; };
		A175430822DC218E005CB6CE /* Info.plist */ = {isa = PBXFileReference; lastKnownFileType = text.plist.xml; path = Info.plist; sourceTree = "<group>"; };
		A175430922DC218E005CB6CE /* macos_meter.entitlements */ = {isa = PBXFileReference; lastKnownFileType = text.plist.entitlements; path = macos_meter.entitlements; sourceTree = "<group>"; };
		A175430F22DC2FFA005CB6CE /* StatusMenuController.swift */ = {isa = PBXFileReference; lastKnownFileType = sourcecode.swift; path = StatusMenuController.swift; sourceTree = "<group>"; };
		A175431122DC3C06005CB6CE /* WeatherAPI.swift */ = {isa = PBXFileReference; lastKnownFileType = sourcecode.swift; path = WeatherAPI.swift; sourceTree = "<group>"; };
		A175431322DC3FD3005CB6CE /* macos-meter.entitlements */ = {isa = PBXFileReference; lastKnownFileType = text.plist.entitlements; path = "macos-meter.entitlements"; sourceTree = "<group>"; };
/* End PBXFileReference section */

/* Begin PBXFrameworksBuildPhase section */
		A17542FB22DC2156005CB6CE /* Frameworks */ = {
			isa = PBXFrameworksBuildPhase;
			buildActionMask = 2147483647;
			files = (
			);
			runOnlyForDeploymentPostprocessing = 0;
		};
/* End PBXFrameworksBuildPhase section */

/* Begin PBXGroup section */
		A17542F522DC2156005CB6CE = {
			isa = PBXGroup;
			children = (
				A175430022DC2157005CB6CE /* macos-meter */,
				A17542FF22DC2157005CB6CE /* Products */,
			);
			sourceTree = "<group>";
		};
		A17542FF22DC2157005CB6CE /* Products */ = {
			isa = PBXGroup;
			children = (
				A17542FE22DC2157005CB6CE /* macos-meter.app */,
			);
			name = Products;
			sourceTree = "<group>";
		};
		A175430022DC2157005CB6CE /* macos-meter */ = {
			isa = PBXGroup;
			children = (
				A175431322DC3FD3005CB6CE /* macos-meter.entitlements */,
				A175430122DC2157005CB6CE /* AppDelegate.swift */,
				A175430F22DC2FFA005CB6CE /* StatusMenuController.swift */,
				A175430322DC218E005CB6CE /* Assets.xcassets */,
				A175430522DC218E005CB6CE /* MainMenu.xib */,
				A13EA12322DEB78D009BC90D /* PreferencesWindow.swift */,
				A13EA12422DEB78D009BC90D /* PreferencesWindow.xib */,
				A13EA12122DEAB45009BC90D /* WeatherView.swift */,
				A175430822DC218E005CB6CE /* Info.plist */,
				A175430922DC218E005CB6CE /* macos_meter.entitlements */,
				A175431122DC3C06005CB6CE /* WeatherAPI.swift */,
			);
			path = "macos-meter";
			sourceTree = "<group>";
		};
/* End PBXGroup section */

/* Begin PBXNativeTarget section */
		A17542FD22DC2156005CB6CE /* macos-meter */ = {
			isa = PBXNativeTarget;
			buildConfigurationList = A175430C22DC218E005CB6CE /* Build configuration list for PBXNativeTarget "macos-meter" */;
			buildPhases = (
				A17542FA22DC2156005CB6CE /* Sources */,
				A17542FB22DC2156005CB6CE /* Frameworks */,
				A17542FC22DC2156005CB6CE /* Resources */,
			);
			buildRules = (
			);
			dependencies = (
			);
			name = "macos-meter";
			productName = "macos-meter";
			productReference = A17542FE22DC2157005CB6CE /* macos-meter.app */;
			productType = "com.apple.product-type.application";
		};
/* End PBXNativeTarget section */

/* Begin PBXProject section */
		A17542F622DC2156005CB6CE /* Project object */ = {
			isa = PBXProject;
			attributes = {
				LastSwiftUpdateCheck = 1020;
				LastUpgradeCheck = 1020;
				ORGANIZATIONNAME = "Ignacio Jara";
				TargetAttributes = {
					A17542FD22DC2156005CB6CE = {
						CreatedOnToolsVersion = 10.2.1;
						SystemCapabilities = {
							com.apple.Sandbox = {
								enabled = 1;
							};
						};
					};
				};
			};
			buildConfigurationList = A17542F922DC2156005CB6CE /* Build configuration list for PBXProject "macos-meter" */;
			compatibilityVersion = "Xcode 9.3";
			developmentRegion = en;
			hasScannedForEncodings = 0;
			knownRegions = (
				en,
				Base,
			);
			mainGroup = A17542F522DC2156005CB6CE;
			productRefGroup = A17542FF22DC2157005CB6CE /* Products */;
			projectDirPath = "";
			projectRoot = "";
			targets = (
				A17542FD22DC2156005CB6CE /* macos-meter */,
			);
		};
/* End PBXProject section */

/* Begin PBXResourcesBuildPhase section */
		A17542FC22DC2156005CB6CE /* Resources */ = {
			isa = PBXResourcesBuildPhase;
			buildActionMask = 2147483647;
			files = (
				A175430422DC218E005CB6CE /* Assets.xcassets in Resources */,
				A13EA12622DEB78D009BC90D /* PreferencesWindow.xib in Resources */,
				A175430722DC218E005CB6CE /* MainMenu.xib in Resources */,
			);
			runOnlyForDeploymentPostprocessing = 0;
		};
/* End PBXResourcesBuildPhase section */

/* Begin PBXSourcesBuildPhase section */
		A17542FA22DC2156005CB6CE /* Sources */ = {
			isa = PBXSourcesBuildPhase;
			buildActionMask = 2147483647;
			files = (
				A175431222DC3C06005CB6CE /* WeatherAPI.swift in Sources */,
				A13EA12522DEB78D009BC90D /* PreferencesWindow.swift in Sources */,
				A175431022DC2FFA005CB6CE /* StatusMenuController.swift in Sources */,
				A175430222DC2157005CB6CE /* AppDelegate.swift in Sources */,
				A13EA12222DEAB45009BC90D /* WeatherView.swift in Sources */,
			);
			runOnlyForDeploymentPostprocessing = 0;
		};
/* End PBXSourcesBuildPhase section */

/* Begin PBXVariantGroup section */
		A175430522DC218E005CB6CE /* MainMenu.xib */ = {
			isa = PBXVariantGroup;
			children = (
				A175430622DC218E005CB6CE /* Base */,
			);
			name = MainMenu.xib;
			sourceTree = "<group>";
		};
/* End PBXVariantGroup section */

/* Begin XCBuildConfiguration section */
		A175430A22DC218E005CB6CE /* Debug */ = {
			isa = XCBuildConfiguration;
			buildSettings = {
				ALWAYS_SEARCH_USER_PATHS = NO;
				CLANG_ANALYZER_NONNULL = YES;
				CLANG_ANALYZER_NUMBER_OBJECT_CONVERSION = YES_AGGRESSIVE;
				CLANG_CXX_LANGUAGE_STANDARD = "gnu++14";
				CLANG_CXX_LIBRARY = "libc++";
				CLANG_ENABLE_MODULES = YES;
				CLANG_ENABLE_OBJC_ARC = YES;
				CLANG_ENABLE_OBJC_WEAK = YES;
				CLANG_WARN_BLOCK_CAPTURE_AUTORELEASING = YES;
				CLANG_WARN_BOOL_CONVERSION = YES;
				CLANG_WARN_COMMA = YES;
				CLANG_WARN_CONSTANT_CONVERSION = YES;
				CLANG_WARN_DEPRECATED_OBJC_IMPLEMENTATIONS = YES;
				CLANG_WARN_DIRECT_OBJC_ISA_USAGE = YES_ERROR;
				CLANG_WARN_DOCUMENTATION_COMMENTS = YES;
				CLANG_WARN_EMPTY_BODY = YES;
				CLANG_WARN_ENUM_CONVERSION = YES;
				CLANG_WARN_INFINITE_RECURSION = YES;
				CLANG_WARN_INT_CONVERSION = YES;
				CLANG_WARN_NON_LITERAL_NULL_CONVERSION = YES;
				CLANG_WARN_OBJC_IMPLICIT_RETAIN_SELF = YES;
				CLANG_WARN_OBJC_LITERAL_CONVERSION = YES;
				CLANG_WARN_OBJC_ROOT_CLASS = YES_ERROR;
				CLANG_WARN_RANGE_LOOP_ANALYSIS = YES;
				CLANG_WARN_STRICT_PROTOTYPES = YES;
				CLANG_WARN_SUSPICIOUS_MOVE = YES;
				CLANG_WARN_UNGUARDED_AVAILABILITY = YES_AGGRESSIVE;
				CLANG_WARN_UNREACHABLE_CODE = YES;
				CLANG_WARN__DUPLICATE_METHOD_MATCH = YES;
				CODE_SIGN_IDENTITY = "Mac Developer";
				COPY_PHASE_STRIP = NO;
				DEBUG_INFORMATION_FORMAT = dwarf;
				ENABLE_STRICT_OBJC_MSGSEND = YES;
				ENABLE_TESTABILITY = YES;
				GCC_C_LANGUAGE_STANDARD = gnu11;
				GCC_DYNAMIC_NO_PIC = NO;
				GCC_NO_COMMON_BLOCKS = YES;
				GCC_OPTIMIZATION_LEVEL = 0;
				GCC_PREPROCESSOR_DEFINITIONS = (
					"DEBUG=1",
					"$(inherited)",
				);
				GCC_WARN_64_TO_32_BIT_CONVERSION = YES;
				GCC_WARN_ABOUT_RETURN_TYPE = YES_ERROR;
				GCC_WARN_UNDECLARED_SELECTOR = YES;
				GCC_WARN_UNINITIALIZED_AUTOS = YES_AGGRESSIVE;
				GCC_WARN_UNUSED_FUNCTION = YES;
				GCC_WARN_UNUSED_VARIABLE = YES;
				MACOSX_DEPLOYMENT_TARGET = 10.15;
				MTL_ENABLE_DEBUG_INFO = INCLUDE_SOURCE;
				MTL_FAST_MATH = YES;
				ONLY_ACTIVE_ARCH = YES;
				SDKROOT = macosx;
				SWIFT_ACTIVE_COMPILATION_CONDITIONS = DEBUG;
				SWIFT_OPTIMIZATION_LEVEL = "-Onone";
			};
			name = Debug;
		};
		A175430B22DC218E005CB6CE /* Release */ = {
			isa = XCBuildConfiguration;
			buildSettings = {
				ALWAYS_SEARCH_USER_PATHS = NO;
				CLANG_ANALYZER_NONNULL = YES;
				CLANG_ANALYZER_NUMBER_OBJECT_CONVERSION = YES_AGGRESSIVE;
				CLANG_CXX_LANGUAGE_STANDARD = "gnu++14";
				CLANG_CXX_LIBRARY = "libc++";
				CLANG_ENABLE_MODULES = YES;
				CLANG_ENABLE_OBJC_ARC = YES;
				CLANG_ENABLE_OBJC_WEAK = YES;
				CLANG_WARN_BLOCK_CAPTURE_AUTORELEASING = YES;
				CLANG_WARN_BOOL_CONVERSION = YES;
				CLANG_WARN_COMMA = YES;
				CLANG_WARN_CONSTANT_CONVERSION = YES;
				CLANG_WARN_DEPRECATED_OBJC_IMPLEMENTATIONS = YES;
				CLANG_WARN_DIRECT_OBJC_ISA_USAGE = YES_ERROR;
				CLANG_WARN_DOCUMENTATION_COMMENTS = YES;
				CLANG_WARN_EMPTY_BODY = YES;
				CLANG_WARN_ENUM_CONVERSION = YES;
				CLANG_WARN_INFINITE_RECURSION = YES;
				CLANG_WARN_INT_CONVERSION = YES;
				CLANG_WARN_NON_LITERAL_NULL_CONVERSION = YES;
				CLANG_WARN_OBJC_IMPLICIT_RETAIN_SELF = YES;
				CLANG_WARN_OBJC_LITERAL_CONVERSION = YES;
				CLANG_WARN_OBJC_ROOT_CLASS = YES_ERROR;
				CLANG_WARN_RANGE_LOOP_ANALYSIS = YES;
				CLANG_WARN_STRICT_PROTOTYPES = YES;
				CLANG_WARN_SUSPICIOUS_MOVE = YES;
				CLANG_WARN_UNGUARDED_AVAILABILITY = YES_AGGRESSIVE;
				CLANG_WARN_UNREACHABLE_CODE = YES;
				CLANG_WARN__DUPLICATE_METHOD_MATCH = YES;
				CODE_SIGN_IDENTITY = "Mac Developer";
				COPY_PHASE_STRIP = NO;
				DEBUG_INFORMATION_FORMAT = "dwarf-with-dsym";
				ENABLE_NS_ASSERTIONS = NO;
				ENABLE_STRICT_OBJC_MSGSEND = YES;
				GCC_C_LANGUAGE_STANDARD = gnu11;
				GCC_NO_COMMON_BLOCKS = YES;
				GCC_WARN_64_TO_32_BIT_CONVERSION = YES;
				GCC_WARN_ABOUT_RETURN_TYPE = YES_ERROR;
				GCC_WARN_UNDECLARED_SELECTOR = YES;
				GCC_WARN_UNINITIALIZED_AUTOS = YES_AGGRESSIVE;
				GCC_WARN_UNUSED_FUNCTION = YES;
				GCC_WARN_UNUSED_VARIABLE = YES;
				MACOSX_DEPLOYMENT_TARGET = 10.15;
				MTL_ENABLE_DEBUG_INFO = NO;
				MTL_FAST_MATH = YES;
				SDKROOT = macosx;
				SWIFT_COMPILATION_MODE = wholemodule;
				SWIFT_OPTIMIZATION_LEVEL = "-O";
			};
			name = Release;
		};
		A175430D22DC218E005CB6CE /* Debug */ = {
			isa = XCBuildConfiguration;
			buildSettings = {
				ASSETCATALOG_COMPILER_APPICON_NAME = AppIcon;
				CODE_SIGN_ENTITLEMENTS = "macos-meter/macos-meter.entitlements";
				CODE_SIGN_STYLE = Automatic;
				COMBINE_HIDPI_IMAGES = YES;
				DEVELOPMENT_TEAM = Z99Q64T5RK;
				INFOPLIST_FILE = "macos-meter/Info.plist";
				LD_RUNPATH_SEARCH_PATHS = (
					"$(inherited)",
					"@executable_path/../Frameworks",
				);
				PRODUCT_BUNDLE_IDENTIFIER = "ijara.macos-meter";
				PRODUCT_NAME = "$(TARGET_NAME)";
				SWIFT_VERSION = 5.0;
			};
			name = Debug;
		};
		A175430E22DC218E005CB6CE /* Release */ = {
			isa = XCBuildConfiguration;
			buildSettings = {
				ASSETCATALOG_COMPILER_APPICON_NAME = AppIcon;
				CODE_SIGN_ENTITLEMENTS = "macos-meter/macos-meter.entitlements";
				CODE_SIGN_STYLE = Automatic;
				COMBINE_HIDPI_IMAGES = YES;
				DEVELOPMENT_TEAM = Z99Q64T5RK;
				INFOPLIST_FILE = "macos-meter/Info.plist";
				LD_RUNPATH_SEARCH_PATHS = (
					"$(inherited)",
					"@executable_path/../Frameworks",
				);
				PRODUCT_BUNDLE_IDENTIFIER = "ijara.macos-meter";
				PRODUCT_NAME = "$(TARGET_NAME)";
				SWIFT_VERSION = 5.0;
			};
			name = Release;
		};
/* End XCBuildConfiguration section */

/* Begin XCConfigurationList section */
		A17542F922DC2156005CB6CE /* Build configuration list for PBXProject "macos-meter" */ = {
			isa = XCConfigurationList;
			buildConfigurations = (
				A175430A22DC218E005CB6CE /* Debug */,
				A175430B22DC218E005CB6CE /* Release */,
			);
			defaultConfigurationIsVisible = 0;
			defaultConfigurationName = Release;
		};
		A175430C22DC218E005CB6CE /* Build configuration list for PBXNativeTarget "macos-meter" */ = {
			isa = XCConfigurationList;
			buildConfigurations = (
				A175430D22DC218E005CB6CE /* Debug */,
				A175430E22DC218E005CB6CE /* Release */,
			);
			defaultConfigurationIsVisible = 0;
			defaultConfigurationName = Release;
		};
/* End XCConfigurationList section */
	};
	rootObject = A17542F622DC2156005CB6CE /* Project object */;
}
